# THIS IS AN AUTOGENERATED FILE. DO NOT EDIT THIS FILE DIRECTLY.
# yarn lockfile v1


"@adyen/adyen-web@^4.1.0":
  version "4.1.0"
  resolved "https://registry.yarnpkg.com/@adyen/adyen-web/-/adyen-web-4.1.0.tgz#c6c5aa98ef1b57dc640bafd277d07c0f1e296adc"
  integrity sha512-xXHmt7YDWm8lvc0oL0mE296YBgcYshTBIKtA4L/yEnaRBVzxlnojCJACdT84DtZyiBoK11FjdzRtJ4H0+VY7Rg==
  dependencies:
    "@types/applepayjs" "^3.0.1"
    "@types/googlepay" "^0.5.2"
    classnames "^2.2.6"
    preact "^10.5.12"
    promise "^8.1.0"

"@types/applepayjs@^3.0.1":
  version "3.0.1"
  resolved "https://registry.yarnpkg.com/@types/applepayjs/-/applepayjs-3.0.1.tgz#e6aa0e7a23dda22c99a634998946cde228eb5c71"
  integrity sha512-zcwMSbo75E7VYi0jAo6rNpl+l4AXL98PCQRJEbUtChcSEiqfX+KFLz5eqaACI8fFx9lF4EjUv0W9XxAZXuMCNg==

"@types/googlepay@^0.5.2":
  version "0.5.2"
  resolved "https://registry.yarnpkg.com/@types/googlepay/-/googlepay-0.5.2.tgz#4b37d2420a2717eb4735c01bcc128b6cb782f4e5"
  integrity sha512-pVVacSkEomv63fwdR2euC15bt75pMbNEpfzWyChOwzzDRhWjQH6IZkFM0zGUU5IqSt3phFLsE9v5Epqx8OT+fA==

asap@~2.0.6:
  version "2.0.6"
  resolved "https://registry.yarnpkg.com/asap/-/asap-2.0.6.tgz#e50347611d7e690943208bbdafebcbc2fb866d46"
  integrity sha1-5QNHYR1+aQlDIIu9r+vLwvuGbUY=

classnames@^2.2.6:
  version "2.2.6"
  resolved "https://registry.yarnpkg.com/classnames/-/classnames-2.2.6.tgz#43935bffdd291f326dad0a205309b38d00f650ce"
  integrity sha512-JR/iSQOSt+LQIWwrwEzJ9uk0xfN3mTVYMwt1Ir5mUcSN6pU+V4zQFFaJsclJbPuAUQH+yfWef6tm7l1quW3C8Q==

preact@^10.5.12:
  version "10.5.13"
  resolved "https://registry.yarnpkg.com/preact/-/preact-10.5.13.tgz#85f6c9197ecd736ce8e3bec044d08fd1330fa019"
  integrity sha512-q/vlKIGNwzTLu+jCcvywgGrt+H/1P/oIRSD6mV4ln3hmlC+Aa34C7yfPI4+5bzW8pONyVXYS7SvXosy2dKKtWQ==

promise@^8.1.0:
  version "8.1.0"
  resolved "https://registry.yarnpkg.com/promise/-/promise-8.1.0.tgz#697c25c3dfe7435dd79fcd58c38a135888eaf05e"
  integrity sha512-W04AqnILOL/sPRXziNicCjSNRruLAuIHEOVBazepu0545DDNGYHz7ar9ZgZ1fMU8/MA4mVxp5rkBWRi6OXIy3Q==
  dependencies:
    asap "~2.0.6"
